# auto-generated by grc.converter

id: qt_freq_time_sink_real
label: '[CyberRadio] QT GUI Freq and Time Sink (Real)'
category: '[CyberRadio]/Misc'
flags:
- need_qt_gui

parameters:
-   id: centerFreq
    label: Center Frequency (Hz)
    dtype: real
    default: '0.0'
    hide: part
-   id: fftPlotRange
    label: FFT y-axis Range
    dtype: raw
    default: '[-120,0]'
    hide: part
-   id: fftSizeN
    label: FFT Size Exponent (2^N)
    dtype: int
    default: '10'
    hide: part
-   id: label
    label: Label
    dtype: string
    default: '"IQ"'
-   id: rmsAvgGainExpInit
    label: RMS Avg Gain Exp
    dtype: int
    default: '5'
-   id: rmsGainRange
    label: RMS Avg. Gain Range
    dtype: raw
    default: '[0,11]'
-   id: sampRate
    label: Sample Rate (Hz)
    dtype: real
    default: '1.0'
-   id: enableSpectrum
    label: Spectrum
    dtype: enum
    default: 'True'
    options: ['False', 'True']
    option_labels: [Disable, Enable]
-   id: enableWaterfall
    label: Waterfall
    dtype: enum
    default: 'True'
    options: ['False', 'True']
    option_labels: [Disable, Enable]
-   id: enableTimeWaveform
    label: Time Waveform
    dtype: enum
    default: 'True'
    options: ['False', 'True']
    option_labels: [Disable, Enable]
-   id: enableRssiDisplay
    label: RSSI Display
    dtype: enum
    default: 'True'
    options: ['True', 'False']
    option_labels: [Enable, Disable]
-   id: enableRssi
    label: Enable RSSI Calculation
    dtype: enum
    default: 'True'
    options: ['True', 'False']
    option_labels: [Enable, Disable]
-   id: fftGainLog
    label: FFT Gain (dB)
    dtype: real
    default: '0.0'
    hide: all
-   id: rssiPollRate
    label: RSSI Poll Rate (Hz)
    dtype: real
    default: '1.0'
    hide: part
-   id: hilbertFilterLength
    label: Hilber Filter Length (2^N)
    dtype: int
    default: '10'
-   id: updatePeriod
    label: Update Period
    dtype: real
    default: '0.1'
    hide: part
-   id: gui_hint
    label: GUI Hint
    dtype: gui_hint
    hide: part

inputs:
-   domain: stream
    dtype: float
    vlen: 1
-   domain: message
    id: freq
    optional: true

outputs:
-   domain: message
    id: freq
    optional: true

templates:
    imports: import CyberRadio
    make: "CyberRadio.qt_freq_time_sink_real(\n    label=${label},\n    sampRate=${sampRate},\n\
        \    centerFreq=${centerFreq},\n    fftPlotRange=${fftPlotRange},\n    fftSizeN=${fftSizeN},\n\
        \    rmsGainRange=${rmsGainRange},\n    enableSpectrum=${enableSpectrum},\n\
        \    enableWaterfall=${enableWaterfall},\n    enableTimeWaveform=${enableTimeWaveform},\n\
        \    enableRssiDisplay=${enableRssiDisplay},\n    enableRssi=${enableRssi},\
        \ \n    fftGainLog=${fftGainLog}, \n    rssiPollRate=${rssiPollRate}, \n \
        \   updatePeriod=${updatePeriod},\n    rmsAvgGainExpInit=${rmsAvgGainExpInit},\n\
        \    hilbertFilterLength=${hilbertFilterLength}\n)\n<% win = 'self.%s' % id\
        \ %>\n${gui_hint(in)}"
    callbacks:
    - set_centerFreq(${centerFreq})
    - set_fftGainLog(${fftGainLog})
    - set_rmsAvgGainExpInit(${rmsAvgGainExpInit})
    - set_sampRate(${sampRate})

file_format: 1
