# auto-generated by grc.converter

id: ndr_control_ndr_control
label: '[CyberRadio] NDR804/328 Control Block'
category: '[CyberRadio]/Radio Element Control'

parameters:
-   id: radioType
    label: Radio Type
    dtype: string
    default: ndr804
-   id: hostname
    label: Hostname/IP
    dtype: string
    default: 192.168.0.2
-   id: verbose
    label: Verbose
    dtype: bool
    default: 'True'
    hide: part
-   id: interface
    label: Local 10GbE NIC
    dtype: string
    default: eth6
-   id: dataPort
    label: Radio NIC Index
    dtype: int
    default: '1'
    hide: part
-   id: tunerFreq
    label: Tuner Frequency (Hz)
    dtype: float
    default: '1000000000'
    hide: part
-   id: tunerAtten
    label: Tuner Attenuation
    dtype: int
    default: '0'
    hide: part
-   id: tunerFilter
    label: Tuner IF Filter
    dtype: int
    default: '1'
    hide: part
-   id: tunerIndex
    label: Tuner Index
    dtype: int
    default: '1'
-   id: calFrequency
    label: Cal Freq (0 to disable)
    dtype: real
    default: '0'
    hide: part
-   id: wbddcEnable
    label: WBDDC Enable
    dtype: int
    default: '3'
-   id: wbddcVitaLevel
    label: wbddcVitaLevel
    dtype: int
    default: '3'
    hide: part
-   id: wbddcRate
    label: WBDDC Rate Index
    dtype: int
    default: '0'
    hide: part
-   id: wbddcFormat
    label: WBDDC Format
    dtype: int
    default: '1'
    hide: part
-   id: wbddcFreq
    label: WBDDC Frequency (Hz)
    dtype: float
    default: '0.0'
    hide: part
-   id: wbddcPort
    label: WBDDC UDP Port
    dtype: int
    default: '10100'
    hide: part
-   id: wbddcIndex
    label: WBDDC Index
    dtype: int
    default: '1'
-   id: specRate
    label: specRate
    dtype: int
    default: '1'
    hide: part
-   id: nbddcEnable
    label: NBDDC Enable
    dtype: ''
    default: '3'
-   id: nbddcVitaLevel
    label: nbddcVitaLevel
    dtype: int
    default: '3'
    hide: part
-   id: nbddcRate
    label: NBDDC Rate Index
    dtype: int
    default: '0'
    hide: part
-   id: nbddcDemodType
    label: NBDDC Demod Type
    dtype: int
    default: '0'
    hide: part
-   id: nbddcDemodBfo
    label: NBDDC Demod BFO (Hz)
    dtype: int
    default: '0'
    hide: part
-   id: nbddcDemodDcBlock
    label: NBDDC Demod DC Block
    dtype: bool
    default: 'False'
    hide: part
-   id: nbddcDemodAlcType
    label: NBDDC Demod ALC Type
    dtype: int
    default: '0'
    hide: part
-   id: nbddcDemodAlcLevel
    label: NBDDC Demod ALC Level
    dtype: int
    default: '0'
    hide: part
-   id: nbddcDemodSquelchLevel
    label: NBDDC Demod Squelch Level
    dtype: int
    default: '0'
    hide: part
-   id: nbddcDagcType
    label: NBDDC DAGC Type
    dtype: int
    default: '0'
    hide: part
-   id: nbddcDagcLevel
    label: NBDDC DAGC Level
    dtype: int
    default: '0'
    hide: part
-   id: nbddcFreq
    label: NBDDC Frequency (Hz)
    dtype: float
    default: '0.0'
    hide: part
-   id: nbddcPort
    label: NBDDC UDP Port
    dtype: int
    default: '10101'
    hide: part
-   id: nbddcIndex
    label: NBDDC Index
    dtype: int
    default: '1'
-   id: otherNbddcEnable
    label: Enable other NBDDCs?
    dtype: bool
    default: 'False'
    hide: part
-   id: otherNbddcPort
    label: Other NBDDC UDP Port
    dtype: int
    default: '10102'
    hide: part
-   id: radio_cmd
    label: Radio Command
    dtype: string
    default: '"*IDN?"'
    hide: part
-   id: send_rsp_trigger
    label: Send Radio RSP trigger
    dtype: raw
    default: None
    hide: part

outputs:
-   label: log
    domain: stream
    dtype: byte
    vlen: 1
    optional: true

templates:
    imports: import CyberRadio
    make: "CyberRadio.ndr_control(${radioType}, \n                ${hostname}, \n\
        \                ${verbose}, \n                ${interface}, \n          \
        \      ${dataPort}, \n                ${tunerFreq}, \n                ${tunerAtten},\
        \ \n                ${tunerFilter}, \n                ${tunerIndex}, \n  \
        \              ${calFrequency}, \n                ${wbddcEnable}, \n     \
        \           ${wbddcVitaLevel}, \n                ${wbddcRate}, \n        \
        \        ${wbddcFormat}, \n                ${wbddcFreq}, \n              \
        \  ${wbddcPort}, \n                ${wbddcIndex}, \n                ${specRate},\
        \ \n                ${nbddcEnable}, \n                ${nbddcVitaLevel}, \n\
        \                ${nbddcRate}, \n                ${nbddcDemodType}, \n   \
        \             ${nbddcDemodBfo}, \n                ${nbddcDemodDcBlock}, \n\
        \                ${nbddcDemodAlcType}, \n                ${nbddcDemodAlcLevel},\
        \ \n                ${nbddcDemodSquelchLevel}, \n                        \
        \        ${nbddcDagcType}, \n                                ${nbddcDagcLevel},\
        \ \n                ${nbddcFreq}, \n                ${nbddcPort}, \n     \
        \           ${nbddcIndex}, \n                ${otherNbddcEnable}, \n     \
        \           ${otherNbddcPort})"
    callbacks:
    - set_radioType(${radioType})
    - set_hostname(${hostname})
    - set_interface(${interface})
    - set_dataPort(${dataPort})
    - set_tunerFreq(${tunerFreq})
    - set_tunerAtten(${tunerAtten})
    - set_tunerFilter(${tunerFilter})
    - set_tunerIndex(${tunerIndex})
    - set_calFrequency(${calFrequency})
    - set_wbddcEnable(${wbddcEnable})
    - set_wbddcEnable(${wbddcEnable})
    - set_wbddcVitaLevel(${wbddcVitaLevel})
    - set_wbddcRate(${wbddcRate})
    - set_wbddcFormat(${wbddcFormat})
    - set_wbddcFreq(${wbddcFreq})
    - set_wbddcPort(${wbddcPort})
    - set_wbddcIndex(${wbddcIndex})
    - set_specRate(${specRate})
    - set_nbddcEnable(${nbddcEnable})
    - set_nbddcVitaLevel(${nbddcVitaLevel})
    - set_nbddcRate(${nbddcRate})
    - set_nbddcDemodType(${nbddcDemodType})
    - set_nbddcDemodBfo(${nbddcDemodBfo})
    - set_nbddcDemodDcBlock(${nbddcDemodDcBlock})
    - set_nbddcDemodAlcType(${nbddcDemodAlcType})
    - set_nbddcDemodAlcLevel(${nbddcDemodAlcLevel})
    - set_nbddcDemodSquelchLevel(${nbddcDemodSquelchLevel})
    - set_nbddcDagcType(${nbddcDagcType})
    - set_nbddcDagcLevel(${nbddcDagcLevel})
    - set_nbddcFreq(${nbddcFreq})
    - set_nbddcPort(${nbddcPort})
    - set_nbddcIndex(${nbddcIndex})
    - set_otherNbddcEnable(${otherNbddcEnable})
    - set_otherNbddcPort(${otherNbddcPort})
    - set_radio_cmd(${radio_cmd})
    - send_radio_rsp(${send_rsp_trigger})

file_format: 1
