# auto-generated by grc.converter

id: CyberRadio_NDR304_coherent_control
label: '[CyberRadio] NDR304 Coherent Control Block (Deprecated)'
category: '[CyberRadio]/Radio Sources'

parameters:
-   id: radio_device
    label: Radio Device
    dtype: string
    default: '"/dev/ndr47x"'
    hide: none
-   id: radio_baudrate
    label: Radio Baudrate
    dtype: int
    default: '921600'
    hide: none
-   id: radio_verbose
    label: Radio Driver Verbose Mode
    dtype: bool
    default: 'True'
    hide: none
-   id: radio_interface
    label: Radio Ethernet Interface
    dtype: raw
    default: eth2
    hide: none
-   id: tuner_freq
    label: Tuner Freq
    dtype: real_vector
    default: '[1e9,1e9,1e9,1e9,1e9,1e9,]'
    hide: part
-   id: tuner_atten_dict
    label: Tuner Atten Dict
    dtype: int_vector
    default: '[0, 0, 0, 0, 0, 0]'
    hide: part
-   id: tuner_coherent
    label: Tuner Coherent
    dtype: bool
    default: 'False'
    hide: part
-   id: ddc_enable
    label: DDC Enable
    dtype: int_vector
    default: '[1, 1, 1, 1, 1, 1]'
    hide: part
-   id: ddc_vita49_level
    label: DDC Vita49 Level (0,1,3)
    dtype: int
    default: '3'
    hide: part
-   id: ddc_freq
    label: DDC Freq List
    dtype: real_vector
    default: '[0.0, 0.0, 0.0, 0.0, 0.0, 0.0]'
    hide: part
-   id: ddc_udp_port
    label: DDC Udp Port List
    dtype: int_vector
    default: '[40000, 40001, 40002, 40003, 40004, 40005]'
    hide: part
-   id: ddc_coherent
    label: DDC Coherent Mode?
    dtype: bool
    default: 'False'
    hide: part
-   id: ddc_group
    label: DDC Grouping?
    dtype: bool
    default: 'True'
    hide: part

templates:
    imports: import CyberRadio
    make: "CyberRadio.NDR304_coherent_control(${radio_device}, \n                \
        \      ${radio_baudrate}, \n                      ${radio_verbose}, \n   \
        \                   ${radio_interface}, \n                      ${tuner_freq},\
        \ \n                      ${tuner_atten_dict}, \n                      ${tuner_coherent},\
        \ \n                      ${ddc_enable}, \n                      ${ddc_vita49_level},\
        \ \n                      ${ddc_freq}, \n                      ${ddc_udp_port},\
        \ \n                      ${ddc_coherent}, \n                      ${ddc_group})"
    callbacks:
    - set_tuner_freq(${tuner_freq})
    - set_tuner_atten_dict(${tuner_atten_dict})
    - set_tuner_coherent(${tuner_coherent})
    - set_ddc_enable(${ddc_enable})
    - set_ddc_freq(${ddc_freq})

file_format: 1
