# auto-generated by grc.converter

id: CyberRadio_NDR_demo_control
label: '[CyberRadio] Demo GUI Control Block (Deprecated)'
category: '[CyberRadio]/Radio Element Control'

parameters:
-   id: radio_type
    label: Radio Type
    dtype: string
    default: '"ndr304"'
    hide: none
-   id: radio_hostname
    label: Radio Hostname
    dtype: string
    default: '"/dev/ndr47x"'
    hide: none
-   id: radio_port
    label: Radio Port
    dtype: int
    default: '921600'
    hide: none
-   id: tuner1_index
    label: Tuner 1 Index
    category: Channel1
    dtype: int
    default: '-1'
    hide: none
-   id: tuner1_freq
    label: Tuner 1 Frequency (Hz)
    category: Channel1
    dtype: real
    default: 1e9
    hide: part
-   id: tuner1_atten
    label: Tuner 1 Attenuation (dB)
    category: Channel1
    dtype: int
    default: '0'
    hide: part
-   id: tuner2_index
    label: Tuner 2 Index
    category: Channel2
    dtype: int
    default: '-1'
    hide: none
-   id: tuner2_freq
    label: Tuner 2 Frequency (Hz)
    category: Channel2
    dtype: real
    default: 1e9
    hide: part
-   id: tuner2_atten
    label: Tuner 2 Attenuation (dB)
    category: Channel2
    dtype: int
    default: '0'
    hide: part
-   id: ddc1_index
    label: DDC 1 Index
    category: Channel1
    dtype: int
    default: '-1'
    hide: none
-   id: ddc1_wideband
    label: DDC 1 Wideband
    category: Channel1
    dtype: bool
    default: 'True'
    hide: none
-   id: ddc1_enable
    label: DDC 1 Enable
    category: Channel1
    dtype: bool
    default: 'True'
    hide: part
-   id: ddc1_vita49_level
    label: DDC 1 Vita49 Level
    category: Channel1
    dtype: int
    default: '3'
    hide: part
-   id: ddc1_rate_index
    label: DDC 1 Rate Index
    category: Channel1
    dtype: int
    default: '0'
    hide: part
-   id: ddc1_freq
    label: DDC 1 Freq
    category: Channel1
    dtype: real
    default: '0.0'
    hide: part
-   id: ddc1_udp_port
    label: DDC 1 Udp Port
    category: Channel1
    dtype: int
    default: '40001'
    hide: part
-   id: ddc1_rf_source
    label: DDC 1 Rf Source
    category: Channel1
    dtype: int
    default: '-1'
    hide: part
-   id: ddc1_data_port
    label: DDC 1 Data Port
    category: Channel1
    dtype: int
    default: '-1'
    hide: part
-   id: ddc2_index
    label: DDC 2 Index
    category: Channel2
    dtype: int
    default: '-1'
    hide: none
-   id: ddc2_wideband
    label: DDC 2 Wideband
    category: Channel2
    dtype: bool
    default: 'True'
    hide: none
-   id: ddc2_enable
    label: DDC 2 Enable
    category: Channel2
    dtype: bool
    default: 'True'
    hide: part
-   id: ddc2_vita49_level
    label: DDC 2 Vita49 Level
    category: Channel2
    dtype: int
    default: '3'
    hide: part
-   id: ddc2_rate_index
    label: DDC 2 Rate Index
    category: Channel2
    dtype: int
    default: '0'
    hide: none
-   id: ddc2_freq
    label: DDC 2 Freq
    category: Channel2
    dtype: real
    default: '0.0'
    hide: part
-   id: ddc2_udp_port
    label: DDC 2 Udp Port
    category: Channel2
    dtype: int
    default: '40002'
    hide: part
-   id: ddc2_rf_source
    label: DDC 2 Rf Source
    category: Channel2
    dtype: int
    default: '-1'
    hide: part
-   id: ddc2_data_port
    label: DDC 2 Data Port
    category: Channel2
    dtype: int
    default: '-1'
    hide: part
-   id: cal_freq
    label: Cal Freq
    dtype: real
    default: '0.0'
    hide: part
-   id: interface_dict
    label: Interface Dict
    dtype: raw
    default: '{1: ''eth0''}'
    hide: part
-   id: verbose
    label: Verbose
    category: Other
    dtype: bool
    default: 'True'
    hide: part
-   id: other_args
    label: Other Args
    category: Other
    dtype: raw
    default: '{}'
    hide: part
-   id: radio_cmd
    label: Radio Command
    category: Other
    dtype: string
    default: '"*IDN?"'
    hide: part

outputs:
-   label: log
    domain: stream
    dtype: byte
    vlen: 1
    optional: true

templates:
    imports: import CyberRadio
    make: "CyberRadio.NDR_demo_control(\n            radio_type = ${radio_type}, \n\
        \            radio_hostname = ${radio_hostname}, \n            radio_port\
        \ = ${radio_port}, \n            tuner1_index = ${tuner1_index}, \n      \
        \      tuner1_freq = ${tuner1_freq}, \n            tuner1_atten = ${tuner1_atten},\
        \ \n            tuner2_index = ${tuner2_index}, \n            tuner2_freq\
        \ = ${tuner2_freq}, \n            tuner2_atten = ${tuner2_atten}, \n     \
        \       ddc1_index = ${ddc1_index}, \n            ddc1_wideband = ${ddc1_wideband},\
        \ \n            ddc1_enable = ${ddc1_enable}, \n            ddc1_vita49_level\
        \ = ${ddc1_vita49_level}, \n            ddc1_rate_index = ${ddc1_rate_index},\
        \ \n            ddc1_freq = ${ddc1_freq}, \n            ddc1_udp_port = ${ddc1_udp_port},\
        \ \n            ddc1_rf_source = ${ddc1_rf_source}, \n            ddc1_data_port\
        \ = ${ddc1_data_port}, \n            ddc2_index = ${ddc2_index}, \n      \
        \      ddc2_wideband = ${ddc2_wideband}, \n            ddc2_enable = ${ddc2_enable},\
        \ \n            ddc2_vita49_level = ${ddc2_vita49_level}, \n            ddc2_rate_index\
        \ = ${ddc2_rate_index}, \n            ddc2_freq = ${ddc2_freq}, \n       \
        \     ddc2_udp_port = ${ddc2_udp_port}, \n            ddc2_rf_source = ${ddc2_rf_source},\
        \ \n            ddc2_data_port = ${ddc2_data_port}, \n            cal_freq\
        \ = ${cal_freq}, \n            interface_dict = ${interface_dict}, \n    \
        \        verbose = ${verbose}, \n            other_args = ${other_args}\n\
        \            )"
    callbacks:
    - set_tuner1_index(${tuner1_index})
    - set_tuner1_freq(${tuner1_freq})
    - set_tuner1_atten(${tuner1_atten})
    - set_tuner2_index(${tuner2_index})
    - set_tuner2_freq(${tuner2_freq})
    - set_tuner2_atten(${tuner2_atten})
    - set_ddc1_index(${ddc1_index})
    - set_ddc1_wideband(${ddc1_wideband})
    - set_ddc1_enable(${ddc1_enable})
    - set_ddc1_vita49_level(${ddc1_vita49_level})
    - set_ddc1_rate_index(${ddc1_rate_index})
    - set_ddc1_freq(${ddc1_freq})
    - set_ddc1_udp_port(${ddc1_udp_port})
    - set_ddc1_rf_source(${ddc1_rf_source})
    - set_ddc1_data_port(${ddc1_data_port})
    - set_ddc2_index(${ddc2_index})
    - set_ddc2_wideband(${ddc2_wideband})
    - set_ddc2_enable(${ddc2_enable})
    - set_ddc2_vita49_level(${ddc2_vita49_level})
    - set_ddc2_rate_index(${ddc2_rate_index})
    - set_ddc2_freq(${ddc2_freq})
    - set_ddc2_udp_port(${ddc2_udp_port})
    - set_ddc2_rf_source(${ddc2_rf_source})
    - set_ddc2_data_port(${ddc2_data_port})
    - set_cal_freq(${cal_freq})
    - set_other_args(${other_args})
    - set_radio_cmd(${radio_cmd})

file_format: 1
