# auto-generated by grc.converter

id: CyberRadio_NDR551_source
label: '[CyberRadio] NDR551 Source (Deprecated)'
category: '[CyberRadio]/Radio Sources'

parameters:
-   id: verbose_mode
    label: Verbose Mode
    dtype: bool
    default: 'True'
    hide: part
-   id: radio_host_name
    label: Radio Host Name
    dtype: string
    default: ndr551
    hide: none
-   id: radio_host_port
    label: Radio Host Port
    dtype: int
    default: '8617'
    hide: part
-   id: tengig_iface_list
    label: 10GigE Interface List
    dtype: raw
    default: '[''eth10'', ''eth11'', ''eth12'', ''eth13'']'
    hide: part
-   id: num_tuners
    label: Number of Tuners
    dtype: int
    default: '1'
    options: ['1', '2', '3', '4']
-   id: tuner0_param_list
    label: Tuner 0 Parameter List
    dtype: raw
    default: '[False, 900e6, 0]'
    hide: ${ ('part' if num_tuners >= 1 else 'all') }
-   id: tuner1_param_list
    label: Tuner 1 Parameter List
    dtype: raw
    default: '[False, 900e6, 0]'
    hide: ${ ('part' if num_tuners >= 2 else 'all') }
-   id: tuner2_param_list
    label: Tuner 2 Parameter List
    dtype: raw
    default: '[False, 900e6, 0]'
    hide: ${ ('part' if num_tuners >= 3 else 'all') }
-   id: tuner3_param_list
    label: Tuner 3 Parameter List
    dtype: raw
    default: '[False, 900e6, 0]'
    hide: ${ ('part' if num_tuners >= 4 else 'all') }
-   id: num_wbddcs
    label: Number of WBDDCs
    dtype: int
    default: '1'
    options: ['1', '2', '3', '4']
    hide: none
-   id: wbddc0_param_list
    label: WBDDC 0 Parameter List
    dtype: raw
    default: '[40000, 0, 0, False]'
    hide: ${ ('part' if num_wbddcs > 0 else 'all') }
-   id: wbddc1_param_list
    label: WBDDC 1 Parameter List
    dtype: raw
    default: '[40001, 0, 0, False]'
    hide: ${ ('part' if num_wbddcs > 1 else 'all') }
-   id: wbddc2_param_list
    label: WBDDC 2 Parameter List
    dtype: raw
    default: '[40002, 0, 0, False]'
    hide: ${ ('part' if num_wbddcs > 2 else 'all') }
-   id: wbddc3_param_list
    label: WBDDC 3 Parameter List
    dtype: raw
    default: '[40003, 0, 0, False]'
    hide: ${ ('part' if num_wbddcs > 3 else 'all') }
-   id: num_nbddcs
    label: Number of NBDDCs
    dtype: int
    default: '1'
    options: ['1', '2', '3', '4', '5', '6', '7', '8', '9', '10', '11', '12', '13',
        '14', '15', '16', '17', '18', '19', '20', '21', '22', '23', '24', '25', '26',
        '27', '28', '29', '30', '31', '32', '33', '34', '35', '36', '37', '38', '39',
        '40', '41', '42', '43', '44', '45', '46', '47', '48', '49', '50', '51', '52',
        '53', '54', '55', '56', '57', '58', '59', '60', '61', '62', '63', '64']
    hide: none
-   id: nbddc0_param_list
    label: NBDDC 0 Parameter List
    dtype: raw
    default: '[41000, 0, 0, False, 0.0]'
    hide: ${ ('part' if num_nbddcs > 0 else 'all') }
-   id: nbddc1_param_list
    label: NBDDC 1 Parameter List
    dtype: raw
    default: '[41001, 0, 0, False, 0.0]'
    hide: ${ ('part' if num_nbddcs > 1 else 'all') }
-   id: nbddc2_param_list
    label: NBDDC 2 Parameter List
    dtype: raw
    default: '[41002, 0, 0, False, 0.0]'
    hide: ${ ('part' if num_nbddcs > 2 else 'all') }
-   id: nbddc3_param_list
    label: NBDDC 3 Parameter List
    dtype: raw
    default: '[41003, 0, 0, False, 0.0]'
    hide: ${ ('part' if num_nbddcs > 3 else 'all') }
-   id: nbddc4_param_list
    label: NBDDC 4 Parameter List
    dtype: raw
    default: '[41004, 0, 0, False, 0.0]'
    hide: ${ ('part' if num_nbddcs > 4 else 'all') }
-   id: nbddc5_param_list
    label: NBDDC 5 Parameter List
    dtype: raw
    default: '[41005, 0, 0, False, 0.0]'
    hide: ${ ('part' if num_nbddcs > 5 else 'all') }
-   id: nbddc6_param_list
    label: NBDDC 6 Parameter List
    dtype: raw
    default: '[41006, 0, 0, False, 0.0]'
    hide: ${ ('part' if num_nbddcs > 6 else 'all') }
-   id: nbddc7_param_list
    label: NBDDC 7 Parameter List
    dtype: raw
    default: '[41007, 0, 0, False, 0.0]'
    hide: ${ ('part' if num_nbddcs > 7 else 'all') }
-   id: nbddc8_param_list
    label: NBDDC 8 Parameter List
    dtype: raw
    default: '[41008, 0, 0, False, 0.0]'
    hide: ${ ('part' if num_nbddcs > 8 else 'all') }
-   id: nbddc9_param_list
    label: NBDDC 9 Parameter List
    dtype: raw
    default: '[41009, 0, 0, False, 0.0]'
    hide: ${ ('part' if num_nbddcs > 9 else 'all') }
-   id: nbddc10_param_list
    label: NBDDC 10 Parameter List
    dtype: raw
    default: '[41010, 0, 0, False, 0.0]'
    hide: ${ ('part' if num_nbddcs > 10 else 'all') }
-   id: nbddc11_param_list
    label: NBDDC 11 Parameter List
    dtype: raw
    default: '[41011, 0, 0, False, 0.0]'
    hide: ${ ('part' if num_nbddcs > 11 else 'all') }
-   id: nbddc12_param_list
    label: NBDDC 12 Parameter List
    dtype: raw
    default: '[41012, 0, 0, False, 0.0]'
    hide: ${ ('part' if num_nbddcs > 12 else 'all') }
-   id: nbddc13_param_list
    label: NBDDC 13 Parameter List
    dtype: raw
    default: '[41013, 0, 0, False, 0.0]'
    hide: ${ ('part' if num_nbddcs > 13 else 'all') }
-   id: nbddc14_param_list
    label: NBDDC 14 Parameter List
    dtype: raw
    default: '[41014, 0, 0, False, 0.0]'
    hide: ${ ('part' if num_nbddcs > 14 else 'all') }
-   id: nbddc15_param_list
    label: NBDDC 15 Parameter List
    dtype: raw
    default: '[41015, 0, 0, False, 0.0]'
    hide: ${ ('part' if num_nbddcs > 15 else 'all') }
-   id: nbddc16_param_list
    label: NBDDC 16 Parameter List
    dtype: raw
    default: '[41016, 0, 0, False, 0.0]'
    hide: ${ ('part' if num_nbddcs > 16 else 'all') }
-   id: nbddc17_param_list
    label: NBDDC 17 Parameter List
    dtype: raw
    default: '[41017, 0, 0, False, 0.0]'
    hide: ${ ('part' if num_nbddcs > 17 else 'all') }
-   id: nbddc18_param_list
    label: NBDDC 18 Parameter List
    dtype: raw
    default: '[41018, 0, 0, False, 0.0]'
    hide: ${ ('part' if num_nbddcs > 18 else 'all') }
-   id: nbddc19_param_list
    label: NBDDC 19 Parameter List
    dtype: raw
    default: '[41019, 0, 0, False, 0.0]'
    hide: ${ ('part' if num_nbddcs > 19 else 'all') }
-   id: nbddc20_param_list
    label: NBDDC 20 Parameter List
    dtype: raw
    default: '[41020, 0, 0, False, 0.0]'
    hide: ${ ('part' if num_nbddcs > 20 else 'all') }
-   id: nbddc21_param_list
    label: NBDDC 21 Parameter List
    dtype: raw
    default: '[41021, 0, 0, False, 0.0]'
    hide: ${ ('part' if num_nbddcs > 21 else 'all') }
-   id: nbddc22_param_list
    label: NBDDC 22 Parameter List
    dtype: raw
    default: '[41022, 0, 0, False, 0.0]'
    hide: ${ ('part' if num_nbddcs > 22 else 'all') }
-   id: nbddc23_param_list
    label: NBDDC 23 Parameter List
    dtype: raw
    default: '[41023, 0, 0, False, 0.0]'
    hide: ${ ('part' if num_nbddcs > 23 else 'all') }
-   id: nbddc24_param_list
    label: NBDDC 24 Parameter List
    dtype: raw
    default: '[41024, 0, 0, False, 0.0]'
    hide: ${ ('part' if num_nbddcs > 24 else 'all') }
-   id: nbddc25_param_list
    label: NBDDC 25 Parameter List
    dtype: raw
    default: '[41025, 0, 0, False, 0.0]'
    hide: ${ ('part' if num_nbddcs > 25 else 'all') }
-   id: nbddc26_param_list
    label: NBDDC 26 Parameter List
    dtype: raw
    default: '[41026, 0, 0, False, 0.0]'
    hide: ${ ('part' if num_nbddcs > 26 else 'all') }
-   id: nbddc27_param_list
    label: NBDDC 27 Parameter List
    dtype: raw
    default: '[41027, 0, 0, False, 0.0]'
    hide: ${ ('part' if num_nbddcs > 27 else 'all') }
-   id: nbddc28_param_list
    label: NBDDC 28 Parameter List
    dtype: raw
    default: '[41028, 0, 0, False, 0.0]'
    hide: ${ ('part' if num_nbddcs > 28 else 'all') }
-   id: nbddc29_param_list
    label: NBDDC 29 Parameter List
    dtype: raw
    default: '[41029, 0, 0, False, 0.0]'
    hide: ${ ('part' if num_nbddcs > 29 else 'all') }
-   id: nbddc30_param_list
    label: NBDDC 30 Parameter List
    dtype: raw
    default: '[41030, 0, 0, False, 0.0]'
    hide: ${ ('part' if num_nbddcs > 30 else 'all') }
-   id: nbddc31_param_list
    label: NBDDC 31 Parameter List
    dtype: raw
    default: '[41031, 0, 0, False, 0.0]'
    hide: ${ ('part' if num_nbddcs > 31 else 'all') }
-   id: nbddc32_param_list
    label: NBDDC 32 Parameter List
    dtype: raw
    default: '[41032, 0, 0, False, 0.0]'
    hide: ${ ('part' if num_nbddcs > 32 else 'all') }
-   id: nbddc33_param_list
    label: NBDDC 33 Parameter List
    dtype: raw
    default: '[41033, 0, 0, False, 0.0]'
    hide: ${ ('part' if num_nbddcs > 33 else 'all') }
-   id: nbddc34_param_list
    label: NBDDC 34 Parameter List
    dtype: raw
    default: '[41034, 0, 0, False, 0.0]'
    hide: ${ ('part' if num_nbddcs > 34 else 'all') }
-   id: nbddc35_param_list
    label: NBDDC 35 Parameter List
    dtype: raw
    default: '[41035, 0, 0, False, 0.0]'
    hide: ${ ('part' if num_nbddcs > 35 else 'all') }
-   id: nbddc36_param_list
    label: NBDDC 36 Parameter List
    dtype: raw
    default: '[41036, 0, 0, False, 0.0]'
    hide: ${ ('part' if num_nbddcs > 36 else 'all') }
-   id: nbddc37_param_list
    label: NBDDC 37 Parameter List
    dtype: raw
    default: '[41037, 0, 0, False, 0.0]'
    hide: ${ ('part' if num_nbddcs > 37 else 'all') }
-   id: nbddc38_param_list
    label: NBDDC 38 Parameter List
    dtype: raw
    default: '[41038, 0, 0, False, 0.0]'
    hide: ${ ('part' if num_nbddcs > 38 else 'all') }
-   id: nbddc39_param_list
    label: NBDDC 39 Parameter List
    dtype: raw
    default: '[41039, 0, 0, False, 0.0]'
    hide: ${ ('part' if num_nbddcs > 39 else 'all') }
-   id: nbddc40_param_list
    label: NBDDC 40 Parameter List
    dtype: raw
    default: '[41040, 0, 0, False, 0.0]'
    hide: ${ ('part' if num_nbddcs > 40 else 'all') }
-   id: nbddc41_param_list
    label: NBDDC 41 Parameter List
    dtype: raw
    default: '[41041, 0, 0, False, 0.0]'
    hide: ${ ('part' if num_nbddcs > 41 else 'all') }
-   id: nbddc42_param_list
    label: NBDDC 42 Parameter List
    dtype: raw
    default: '[41042, 0, 0, False, 0.0]'
    hide: ${ ('part' if num_nbddcs > 42 else 'all') }
-   id: nbddc43_param_list
    label: NBDDC 43 Parameter List
    dtype: raw
    default: '[41043, 0, 0, False, 0.0]'
    hide: ${ ('part' if num_nbddcs > 43 else 'all') }
-   id: nbddc44_param_list
    label: NBDDC 44 Parameter List
    dtype: raw
    default: '[41044, 0, 0, False, 0.0]'
    hide: ${ ('part' if num_nbddcs > 44 else 'all') }
-   id: nbddc45_param_list
    label: NBDDC 45 Parameter List
    dtype: raw
    default: '[41045, 0, 0, False, 0.0]'
    hide: ${ ('part' if num_nbddcs > 45 else 'all') }
-   id: nbddc46_param_list
    label: NBDDC 46 Parameter List
    dtype: raw
    default: '[41046, 0, 0, False, 0.0]'
    hide: ${ ('part' if num_nbddcs > 46 else 'all') }
-   id: nbddc47_param_list
    label: NBDDC 47 Parameter List
    dtype: raw
    default: '[41047, 0, 0, False, 0.0]'
    hide: ${ ('part' if num_nbddcs > 47 else 'all') }
-   id: nbddc48_param_list
    label: NBDDC 48 Parameter List
    dtype: raw
    default: '[41048, 0, 0, False, 0.0]'
    hide: ${ ('part' if num_nbddcs > 48 else 'all') }
-   id: nbddc49_param_list
    label: NBDDC 49 Parameter List
    dtype: raw
    default: '[41049, 0, 0, False, 0.0]'
    hide: ${ ('part' if num_nbddcs > 49 else 'all') }
-   id: nbddc50_param_list
    label: NBDDC 50 Parameter List
    dtype: raw
    default: '[41050, 0, 0, False, 0.0]'
    hide: ${ ('part' if num_nbddcs > 50 else 'all') }
-   id: nbddc51_param_list
    label: NBDDC 51 Parameter List
    dtype: raw
    default: '[41051, 0, 0, False, 0.0]'
    hide: ${ ('part' if num_nbddcs > 51 else 'all') }
-   id: nbddc52_param_list
    label: NBDDC 52 Parameter List
    dtype: raw
    default: '[41052, 0, 0, False, 0.0]'
    hide: ${ ('part' if num_nbddcs > 52 else 'all') }
-   id: nbddc53_param_list
    label: NBDDC 53 Parameter List
    dtype: raw
    default: '[41053, 0, 0, False, 0.0]'
    hide: ${ ('part' if num_nbddcs > 53 else 'all') }
-   id: nbddc54_param_list
    label: NBDDC 54 Parameter List
    dtype: raw
    default: '[41054, 0, 0, False, 0.0]'
    hide: ${ ('part' if num_nbddcs > 54 else 'all') }
-   id: nbddc55_param_list
    label: NBDDC 55 Parameter List
    dtype: raw
    default: '[41055, 0, 0, False, 0.0]'
    hide: ${ ('part' if num_nbddcs > 55 else 'all') }
-   id: nbddc56_param_list
    label: NBDDC 56 Parameter List
    dtype: raw
    default: '[41056, 0, 0, False, 0.0]'
    hide: ${ ('part' if num_nbddcs > 56 else 'all') }
-   id: nbddc57_param_list
    label: NBDDC 57 Parameter List
    dtype: raw
    default: '[41057, 0, 0, False, 0.0]'
    hide: ${ ('part' if num_nbddcs > 57 else 'all') }
-   id: nbddc58_param_list
    label: NBDDC 58 Parameter List
    dtype: raw
    default: '[41058, 0, 0, False, 0.0]'
    hide: ${ ('part' if num_nbddcs > 58 else 'all') }
-   id: nbddc59_param_list
    label: NBDDC 59 Parameter List
    dtype: raw
    default: '[41059, 0, 0, False, 0.0]'
    hide: ${ ('part' if num_nbddcs > 59 else 'all') }
-   id: nbddc60_param_list
    label: NBDDC 60 Parameter List
    dtype: raw
    default: '[41060, 0, 0, False, 0.0]'
    hide: ${ ('part' if num_nbddcs > 60 else 'all') }
-   id: nbddc61_param_list
    label: NBDDC 61 Parameter List
    dtype: raw
    default: '[41061, 0, 0, False, 0.0]'
    hide: ${ ('part' if num_nbddcs > 61 else 'all') }
-   id: nbddc62_param_list
    label: NBDDC 62 Parameter List
    dtype: raw
    default: '[41062, 0, 0, False, 0.0]'
    hide: ${ ('part' if num_nbddcs > 62 else 'all') }
-   id: nbddc63_param_list
    label: NBDDC 63 Parameter List
    dtype: raw
    default: '[41063, 0, 0, False, 0.0]'
    hide: ${ ('part' if num_nbddcs > 63 else 'all') }
-   id: tagged
    label: Tagged Output Streams
    dtype: bool
    default: 'False'

outputs:
-   label: log
    domain: stream
    dtype: byte
    vlen: 1
    optional: true
-   label: wbddc
    domain: stream
    dtype: complex
    vlen: 1
    multiplicity: ${ num_wbddcs }
    optional: true
-   label: nbddc
    domain: stream
    dtype: complex
    vlen: 1
    multiplicity: ${ num_nbddcs }
    optional: true

templates:
    imports: import CyberRadio
    make: |-
        CyberRadio.NDR551_source(
            verbose_mode=${verbose_mode},
            radio_host_name=${radio_host_name},
            radio_host_port=${radio_host_port},
            tengig_iface_list=${tengig_iface_list},
            num_tuners=${num_tuners},
            tuner0_param_list=${tuner0_param_list},
        % if num_tuners >= 2:
            tuner1_param_list=${tuner1_param_list},
        % endif
        % if num_tuners >= 3:
            tuner2_param_list=${tuner2_param_list},
        % endif
        % if num_tuners >= 4:
            tuner3_param_list=${tuner3_param_list},
        % endif
            num_wbddcs=${num_wbddcs},
        % if num_wbddcs >= 1:
            wbddc0_param_list=${wbddc0_param_list},
        % endif
        % if num_wbddcs >= 2:
            wbddc1_param_list=${wbddc1_param_list},
        % endif
        % if num_wbddcs >= 3:
            wbddc2_param_list=${wbddc2_param_list},
        % endif
        % if num_wbddcs >= 4:
            wbddc3_param_list=${wbddc3_param_list},
        % endif
            num_nbddcs=${num_nbddcs},
        % if num_nbddcs >= 1:
            nbddc0_param_list=${nbddc0_param_list},
        % endif
        % if num_nbddcs >= 2:
            nbddc1_param_list=${nbddc1_param_list},
        % endif
        % if num_nbddcs >= 3:
            nbddc2_param_list=${nbddc2_param_list},
        % endif
        % if num_nbddcs >= 4:
            nbddc3_param_list=${nbddc3_param_list},
        % endif
        % if num_nbddcs >= 5:
            nbddc4_param_list=${nbddc4_param_list},
        % endif
        % if num_nbddcs >= 6:
            nbddc5_param_list=${nbddc5_param_list},
        % endif
        % if num_nbddcs >= 7:
            nbddc6_param_list=${nbddc6_param_list},
        % endif
        % if num_nbddcs >= 8:
            nbddc7_param_list=${nbddc7_param_list},
        % endif
        % if num_nbddcs >= 9:
            nbddc8_param_list=${nbddc8_param_list},
        % endif
        % if num_nbddcs >= 10:
            nbddc9_param_list=${nbddc9_param_list},
        % endif
        % if num_nbddcs >= 11:
            nbddc10_param_list=${nbddc10_param_list},
        % endif
        % if num_nbddcs >= 12:
            nbddc11_param_list=${nbddc11_param_list},
        % endif
        % if num_nbddcs >= 13:
            nbddc12_param_list=${nbddc12_param_list},
        % endif
        % if num_nbddcs >= 14:
            nbddc13_param_list=${nbddc13_param_list},
        % endif
        % if num_nbddcs >= 15:
            nbddc14_param_list=${nbddc14_param_list},
        % endif
        % if num_nbddcs >= 16:
            nbddc15_param_list=${nbddc15_param_list},
        % endif
        % if num_nbddcs >= 17:
            nbddc16_param_list=${nbddc16_param_list},
        % endif
        % if num_nbddcs >= 18:
            nbddc17_param_list=${nbddc17_param_list},
        % endif
        % if num_nbddcs >= 19:
            nbddc18_param_list=${nbddc18_param_list},
        % endif
        % if num_nbddcs >= 20:
            nbddc19_param_list=${nbddc19_param_list},
        % endif
        % if num_nbddcs >= 21:
            nbddc20_param_list=${nbddc20_param_list},
        % endif
        % if num_nbddcs >= 22:
            nbddc21_param_list=${nbddc21_param_list},
        % endif
        % if num_nbddcs >= 23:
            nbddc22_param_list=${nbddc22_param_list},
        % endif
        % if num_nbddcs >= 24:
            nbddc23_param_list=${nbddc23_param_list},
        % endif
        % if num_nbddcs >= 25:
            nbddc24_param_list=${nbddc24_param_list},
        % endif
        % if num_nbddcs >= 26:
            nbddc25_param_list=${nbddc25_param_list},
        % endif
        % if num_nbddcs >= 27:
            nbddc26_param_list=${nbddc26_param_list},
        % endif
        % if num_nbddcs >= 28:
            nbddc27_param_list=${nbddc27_param_list},
        % endif
        % if num_nbddcs >= 29:
            nbddc28_param_list=${nbddc28_param_list},
        % endif
        % if num_nbddcs >= 30:
            nbddc29_param_list=${nbddc29_param_list},
        % endif
        % if num_nbddcs >= 31:
            nbddc30_param_list=${nbddc30_param_list},
        % endif
        % if num_nbddcs >= 32:
            nbddc31_param_list=${nbddc31_param_list},
        % endif
        % if num_nbddcs >= 33:
            nbddc32_param_list=${nbddc32_param_list},
        % endif
        % if num_nbddcs >= 34:
            nbddc33_param_list=${nbddc33_param_list},
        % endif
        % if num_nbddcs >= 35:
            nbddc34_param_list=${nbddc34_param_list},
        % endif
        % if num_nbddcs >= 36:
            nbddc35_param_list=${nbddc35_param_list},
        % endif
        % if num_nbddcs >= 37:
            nbddc36_param_list=${nbddc36_param_list},
        % endif
        % if num_nbddcs >= 38:
            nbddc37_param_list=${nbddc37_param_list},
        % endif
        % if num_nbddcs >= 39:
            nbddc38_param_list=${nbddc38_param_list},
        % endif
        % if num_nbddcs >= 40:
            nbddc39_param_list=${nbddc39_param_list},
        % endif
        % if num_nbddcs >= 41:
            nbddc40_param_list=${nbddc40_param_list},
        % endif
        % if num_nbddcs >= 42:
            nbddc41_param_list=${nbddc41_param_list},
        % endif
        % if num_nbddcs >= 43:
            nbddc42_param_list=${nbddc42_param_list},
        % endif
        % if num_nbddcs >= 44:
            nbddc43_param_list=${nbddc43_param_list},
        % endif
        % if num_nbddcs >= 45:
            nbddc44_param_list=${nbddc44_param_list},
        % endif
        % if num_nbddcs >= 46:
            nbddc45_param_list=${nbddc45_param_list},
        % endif
        % if num_nbddcs >= 47:
            nbddc46_param_list=${nbddc46_param_list},
        % endif
        % if num_nbddcs >= 48:
            nbddc47_param_list=${nbddc47_param_list},
        % endif
        % if num_nbddcs >= 49:
            nbddc48_param_list=${nbddc48_param_list},
        % endif
        % if num_nbddcs >= 50:
            nbddc49_param_list=${nbddc49_param_list},
        % endif
        % if num_nbddcs >= 51:
            nbddc50_param_list=${nbddc50_param_list},
        % endif
        % if num_nbddcs >= 52:
            nbddc51_param_list=${nbddc51_param_list},
        % endif
        % if num_nbddcs >= 53:
            nbddc52_param_list=${nbddc52_param_list},
        % endif
        % if num_nbddcs >= 54:
            nbddc53_param_list=${nbddc53_param_list},
        % endif
        % if num_nbddcs >= 55:
            nbddc54_param_list=${nbddc54_param_list},
        % endif
        % if num_nbddcs >= 56:
            nbddc55_param_list=${nbddc55_param_list},
        % endif
        % if num_nbddcs >= 57:
            nbddc56_param_list=${nbddc56_param_list},
        % endif
        % if num_nbddcs >= 58:
            nbddc57_param_list=${nbddc57_param_list},
        % endif
        % if num_nbddcs >= 59:
            nbddc58_param_list=${nbddc58_param_list},
        % endif
        % if num_nbddcs >= 60:
            nbddc59_param_list=${nbddc59_param_list},
        % endif
        % if num_nbddcs >= 61:
            nbddc60_param_list=${nbddc60_param_list},
        % endif
        % if num_nbddcs >= 62:
            nbddc61_param_list=${nbddc61_param_list},
        % endif
        % if num_nbddcs >= 63:
            nbddc62_param_list=${nbddc62_param_list},
        % endif
        % if num_nbddcs >= 64:
            nbddc63_param_list=${nbddc63_param_list},
        % endif
            tagged=${tagged},
        )
    callbacks:
    - set_tuner0_param_list(${tuner0_param_list})
    - set_tuner1_param_list(${tuner1_param_list})
    - set_tuner2_param_list(${tuner2_param_list})
    - set_tuner3_param_list(${tuner3_param_list})
    - set_wbddc0_param_list(${wbddc0_param_list})
    - set_wbddc1_param_list(${wbddc1_param_list})
    - set_wbddc2_param_list(${wbddc2_param_list})
    - set_wbddc3_param_list(${wbddc3_param_list})
    - set_nbddc0_param_list(${nbddc0_param_list})
    - set_nbddc1_param_list(${nbddc1_param_list})
    - set_nbddc2_param_list(${nbddc2_param_list})
    - set_nbddc3_param_list(${nbddc3_param_list})
    - set_nbddc4_param_list(${nbddc4_param_list})
    - set_nbddc5_param_list(${nbddc5_param_list})
    - set_nbddc6_param_list(${nbddc6_param_list})
    - set_nbddc7_param_list(${nbddc7_param_list})
    - set_nbddc8_param_list(${nbddc8_param_list})
    - set_nbddc9_param_list(${nbddc9_param_list})
    - set_nbddc10_param_list(${nbddc10_param_list})
    - set_nbddc11_param_list(${nbddc11_param_list})
    - set_nbddc12_param_list(${nbddc12_param_list})
    - set_nbddc13_param_list(${nbddc13_param_list})
    - set_nbddc14_param_list(${nbddc14_param_list})
    - set_nbddc15_param_list(${nbddc15_param_list})
    - set_nbddc16_param_list(${nbddc16_param_list})
    - set_nbddc17_param_list(${nbddc17_param_list})
    - set_nbddc18_param_list(${nbddc18_param_list})
    - set_nbddc19_param_list(${nbddc19_param_list})
    - set_nbddc20_param_list(${nbddc20_param_list})
    - set_nbddc21_param_list(${nbddc21_param_list})
    - set_nbddc22_param_list(${nbddc22_param_list})
    - set_nbddc23_param_list(${nbddc23_param_list})
    - set_nbddc24_param_list(${nbddc24_param_list})
    - set_nbddc25_param_list(${nbddc25_param_list})
    - set_nbddc26_param_list(${nbddc26_param_list})
    - set_nbddc27_param_list(${nbddc27_param_list})
    - set_nbddc28_param_list(${nbddc28_param_list})
    - set_nbddc29_param_list(${nbddc29_param_list})
    - set_nbddc30_param_list(${nbddc30_param_list})
    - set_nbddc31_param_list(${nbddc31_param_list})
    - set_nbddc32_param_list(${nbddc32_param_list})
    - set_nbddc33_param_list(${nbddc33_param_list})
    - set_nbddc34_param_list(${nbddc34_param_list})
    - set_nbddc35_param_list(${nbddc35_param_list})
    - set_nbddc36_param_list(${nbddc36_param_list})
    - set_nbddc37_param_list(${nbddc37_param_list})
    - set_nbddc38_param_list(${nbddc38_param_list})
    - set_nbddc39_param_list(${nbddc39_param_list})
    - set_nbddc40_param_list(${nbddc40_param_list})
    - set_nbddc41_param_list(${nbddc41_param_list})
    - set_nbddc42_param_list(${nbddc42_param_list})
    - set_nbddc43_param_list(${nbddc43_param_list})
    - set_nbddc44_param_list(${nbddc44_param_list})
    - set_nbddc45_param_list(${nbddc45_param_list})
    - set_nbddc46_param_list(${nbddc46_param_list})
    - set_nbddc47_param_list(${nbddc47_param_list})
    - set_nbddc48_param_list(${nbddc48_param_list})
    - set_nbddc49_param_list(${nbddc49_param_list})
    - set_nbddc50_param_list(${nbddc50_param_list})
    - set_nbddc51_param_list(${nbddc51_param_list})
    - set_nbddc52_param_list(${nbddc52_param_list})
    - set_nbddc53_param_list(${nbddc53_param_list})
    - set_nbddc54_param_list(${nbddc54_param_list})
    - set_nbddc55_param_list(${nbddc55_param_list})
    - set_nbddc56_param_list(${nbddc56_param_list})
    - set_nbddc57_param_list(${nbddc57_param_list})
    - set_nbddc58_param_list(${nbddc58_param_list})
    - set_nbddc59_param_list(${nbddc59_param_list})
    - set_nbddc60_param_list(${nbddc60_param_list})
    - set_nbddc61_param_list(${nbddc61_param_list})
    - set_nbddc62_param_list(${nbddc62_param_list})
    - set_nbddc63_param_list(${nbddc63_param_list})

documentation: "I/Q data source using the NDR551 radio.\n\nThe NDR551_source block\
    \ supplies wideband DDC outputs, as indicated by the Number of WBDDCs setting,\
    \ and narrowband DDC outputs, as indicated by the Number of NBDDCs setting. Any\
    \ outputs supplied by this block are optional, so the user does not need to connect\
    \ them if they are not being used.  The NDR551_source block also supplies a character-stream\
    \ output for collecting logging data from the underlying driver interface.\n\n\
    WBDDCs and NBDDCs are configured via parameter lists.  Parameter lists are standard\
    \ Python lists, formatted as follows:\n* A tuner parameter list contains the following\
    \ elements: [tuner enabled flag, tuner frequency (Hz), tuner attenuation (dB)].\n\
    * A WBDDC parameter list contains the following elements: [UDP port number, VITA\
    \ type, sample rate index, enabled flag]. \n* An NBDDC parameter list contains\
    \ the following elements: [UDP port number, VITA type, sample rate index, enabled\
    \ flag, frequency offset (Hz)]. \n\nThe NDR551_source block can also produce stream\
    \ tags for any DDCs configured to use VITA 49 frames.  See the documentation for\
    \ the base VITA I/Q Source block for details on the stream tags produced.\n\n\
    NOTE: The parameter list scheme is a workaround to get around the (undocumented)\
    \ parameter limit that GNU Radio Companion silently imposes."

file_format: 1
