# auto-generated by grc.converter

id: CyberRadio_wola_log_mag_fft
label: '[CyberRadio] WOLA Log Mag FFT'
category: '[CyberRadio]/DSP'

parameters:
-   id: avg_alpha
    label: Averaging Alpha
    dtype: float
    default: 2.0**-3.25
    hide: none
-   id: fft_size
    label: FFT Size
    dtype: int
    default: int(2**10)
    hide: none
-   id: n_overlap
    label: Overlap
    dtype: int
    default: '4'
    hide: none
-   id: window_type
    label: Window Type
    dtype: string
    default: '"blackmanharris"'
    hide: none

inputs:
-   domain: stream
    dtype: complex
    vlen: ${ fft_size*n_overlap }
-   domain: message
    id: reset
    optional: true

outputs:
-   label: wola_fft
    domain: stream
    dtype: float
    vlen: ${ fft_size }
    multiplicity: '2'
    optional: true
-   label: small_fft
    domain: stream
    dtype: float
    vlen: ${ fft_size }
    multiplicity: '2'
    optional: true

templates:
    imports: import CyberRadio
    make: |-
        CyberRadio.wola_log_mag_fft(
            avg_alpha=${avg_alpha},
            fft_size=${fft_size},
            n_overlap=${n_overlap},
            window_type=${window_type},
        )
    callbacks:
    - set_avg_alpha(${avg_alpha})
    - set_window_type(${window_type})

file_format: 1
